
Microsoft Visual Studio Solution File, Format Version 12.00
# Visual Studio Version 16
VisualStudioVersion = 16.0.31702.278
MinimumVisualStudioVersion = 10.0.40219.1
Project("{FAE04EC0-301F-11D3-BF4B-00C04F79EFBC}") = "GoogleOAuth", "GoogleOAuth.csproj", "{86DE1A97-4E64-4387-A4F6-A32B1E250F3E}"
EndProject
Global
	GlobalSection(SolutionConfigurationPlatforms) = preSolution
		Debug|Any CPU = Debug|Any CPU
		Release|Any CPU = Release|Any CPU
	EndGlobalSection
	GlobalSection(ProjectConfigurationPlatforms) = postSolution
		{86DE1A97-4E64-4387-A4F6-A32B1E250F3E}.Debug|Any CPU.ActiveCfg = Debug|Any CPU
		{86DE1A97-4E64-4387-A4F6-A32B1E250F3E}.Debug|Any CPU.Build.0 = Debug|Any CPU
		{86DE1A97-4E64-4387-A4F6-A32B1E250F3E}.Release|Any CPU.ActiveCfg = Release|Any CPU
		{86DE1A97-4E64-4387-A4F6-A32B1E250F3E}.Release|Any CPU.Build.0 = Release|Any CPU
	EndGlobalSection
	GlobalSection(SolutionProperties) = preSolution
		HideSolutionNode = FALSE
	EndGlobalSection
	GlobalSection(ExtensibilityGlobals) = postSolution
		SolutionGuid = {906FE8C4-5C18-4560-8154-A207B2014F97}
	EndGlobalSection
EndGlobal
